
Microsoft Visual Studio Solution File, Format Version 12.00
# Visual Studio 15
VisualStudioVersion = 15.0.26730.12
MinimumVisualStudioVersion = 10.0.40219.1
Project("{FAE04EC0-301F-11D3-BF4B-00C04F79EFBC}") = "TriangleUI", "TriangleUI\TriangleUI.csproj", "{DC92D4D6-EB7C-47D8-B3F4-D5C332840E2B}"
EndProject
Project("{FAE04EC0-301F-11D3-BF4B-00C04F79EFBC}") = "PersistentStack", "PersistentStack\PersistentStack.csproj", "{91778F37-5D5D-499E-A405-D2845E8F731E}"
EndProject
Project("{FAE04EC0-301F-11D3-BF4B-00C04F79EFBC}") = "TreeData", "TreeData\TreeData.csproj", "{A1B6A929-6452-49DF-ADB0-BA4A520EDC31}"
EndProject
Global
	GlobalSection(SolutionConfigurationPlatforms) = preSolution
		Debug|Any CPU = Debug|Any CPU
		Release|Any CPU = Release|Any CPU
	EndGlobalSection
	GlobalSection(ProjectConfigurationPlatforms) = postSolution
		{DC92D4D6-EB7C-47D8-B3F4-D5C332840E2B}.Debug|Any CPU.ActiveCfg = Debug|Any CPU
		{DC92D4D6-EB7C-47D8-B3F4-D5C332840E2B}.Debug|Any CPU.Build.0 = Debug|Any CPU
		{DC92D4D6-EB7C-47D8-B3F4-D5C332840E2B}.Release|Any CPU.ActiveCfg = Release|Any CPU
		{DC92D4D6-EB7C-47D8-B3F4-D5C332840E2B}.Release|Any CPU.Build.0 = Release|Any CPU
		{91778F37-5D5D-499E-A405-D2845E8F731E}.Debug|Any CPU.ActiveCfg = Debug|Any CPU
		{91778F37-5D5D-499E-A405-D2845E8F731E}.Debug|Any CPU.Build.0 = Debug|Any CPU
		{91778F37-5D5D-499E-A405-D2845E8F731E}.Release|Any CPU.ActiveCfg = Release|Any CPU
		{91778F37-5D5D-499E-A405-D2845E8F731E}.Release|Any CPU.Build.0 = Release|Any CPU
		{A1B6A929-6452-49DF-ADB0-BA4A520EDC31}.Debug|Any CPU.ActiveCfg = Debug|Any CPU
		{A1B6A929-6452-49DF-ADB0-BA4A520EDC31}.Debug|Any CPU.Build.0 = Debug|Any CPU
		{A1B6A929-6452-49DF-ADB0-BA4A520EDC31}.Release|Any CPU.ActiveCfg = Release|Any CPU
		{A1B6A929-6452-49DF-ADB0-BA4A520EDC31}.Release|Any CPU.Build.0 = Release|Any CPU
	EndGlobalSection
	GlobalSection(SolutionProperties) = preSolution
		HideSolutionNode = FALSE
	EndGlobalSection
	GlobalSection(ExtensibilityGlobals) = postSolution
		SolutionGuid = {528D5CBB-5968-45FA-AD43-AED31D8D4C9B}
	EndGlobalSection
EndGlobal
